
Microsoft Visual Studio Solution File, Format Version 12.00
# Visual Studio 15
VisualStudioVersion = 15.0.28010.2050
MinimumVisualStudioVersion = 10.0.40219.1
Project("{FAE04EC0-301F-11D3-BF4B-00C04F79EFBC}") = "SeleniumTests", "SeleniumTests\SeleniumTests.csproj", "{912DEA9C-9910-4078-A2DE-A585D09697D9}"
EndProject
Global
	GlobalSection(SolutionConfigurationPlatforms) = preSolution
		Debug|Any CPU = Debug|Any CPU
		Release|Any CPU = Release|Any CPU
	EndGlobalSection
	GlobalSection(ProjectConfigurationPlatforms) = postSolution
		{912DEA9C-9910-4078-A2DE-A585D09697D9}.Debug|Any CPU.ActiveCfg = Debug|Any CPU
		{912DEA9C-9910-4078-A2DE-A585D09697D9}.Debug|Any CPU.Build.0 = Debug|Any CPU
		{912DEA9C-9910-4078-A2DE-A585D09697D9}.Release|Any CPU.ActiveCfg = Release|Any CPU
		{912DEA9C-9910-4078-A2DE-A585D09697D9}.Release|Any CPU.Build.0 = Release|Any CPU
	EndGlobalSection
	GlobalSection(SolutionProperties) = preSolution
		HideSolutionNode = FALSE
	EndGlobalSection
	GlobalSection(ExtensibilityGlobals) = postSolution
		SolutionGuid = {EE9EBAD1-A813-4647-81E7-DEAB4E81ADBB}
	EndGlobalSection
EndGlobal
